{
  "originHash" : "9f40dcbe8e70a6ccd2dcfcb3e2852077b68ba6a271960c562c99a50f4200267f",
  "pins" : [
    {
      "identity" : "sparkle",
      "kind" : "remoteSourceControl",
      "location" : "https://github.com/sparkle-project/Sparkle.git",
      "state" : {
        "revision" : "6276ba2b404829d139c45ff98427cf90e2efc59b",
        "version" : "2.9.2"
      }
    },
    {
      "identity" : "swift-argument-parser",
      "kind" : "remoteSourceControl",
      "location" : "https://github.com/apple/swift-argument-parser",
      "state" : {
        "revision" : "6a52f3251125d74daf04fcbd5e6f08a75d074382",
        "version" : "1.8.2"
      }
    },
    {
      "identity" : "swiftterm",
      "kind" : "remoteSourceControl",
      "location" : "https://github.com/bones7456/SwiftTerm.git",
      "state" : {
        "revision" : "dadc8d3b3e172153aee4db1998bad817ecf0ace4"
      }
    }
  ],
  "version" : 3
}
